// !$*UTF8*$!
{
	archiveVersion = 1;
	classes = {
	};
	objectVersion = 77;
	objects = {

/* Begin PBXContainerItemProxy section */
		010A599D2DB7F20F0035D275 /* PBXContainerItemProxy */ = {
			isa = PBXContainerItemProxy;
			containerPortal = 010A59862DB7F20E0035D275 /* Project object */;
			proxyType = 1;
			remoteGlobalIDString = 010A598D2DB7F20E0035D275;
			remoteInfo = shapre;
		};
		010A59A72DB7F20F0035D275 /* PBXContainerItemProxy */ = {
			isa = PBXContainerItemProxy;
			containerPortal = 010A59862DB7F20E0035D275 /* Project object */;
			proxyType = 1;
			remoteGlobalIDString = 010A598D2DB7F20E0035D275;
			remoteInfo = shapre;
		};
/* End PBXContainerItemProxy section */

/* Begin PBXFileReference section */
		010A598E2DB7F20E0035D275 /* shapre.app */ = {isa = PBXFileReference; explicitFileType = wrapper.application; includeInIndex = 0; path = shapre.app; sourceTree = BUILT_PRODUCTS_DIR; };
		010A599C2DB7F20F0035D275 /* shapreTests.xctest */ = {isa = PBXFileReference; explicitFileType = wrapper.cfbundle; includeInIndex = 0; path = shapreTests.xctest; sourceTree = BUILT_PRODUCTS_DIR; };
		010A59A62DB7F20F0035D275 /* shapreUITests.xctest */ = {isa = PBXFileReference; explicitFileType = wrapper.cfbundle; includeInIndex = 0; path = shapreUITests.xctest; sourceTree = BUILT_PRODUCTS_DIR; };
/* End PBXFileReference section */

/* Begin PBXFileSystemSynchronizedRootGroup section */
		010A59902DB7F20E0035D275 /* shapre */ = {
			isa = PBXFileSystemSynchronizedRootGroup;
			path = shapre;
			sourceTree = "<group>";
		};
		010A599F2DB7F20F0035D275 /* shapreTests */ = {
			isa = PBXFileSystemSynchronizedRootGroup;
			path = shapreTests;
			sourceTree = "<group>";
		};
		010A59A92DB7F20F0035D275 /* shapreUITests */ = {
			isa = PBXFileSystemSynchronizedRootGroup;
			path = shapreUITests;
			sourceTree = "<group>";
		};
/* End PBXFileSystemSynchronizedRootGroup section */

/* Begin PBXFrameworksBuildPhase section */
		010A598B2DB7F20E0035D275 /* Frameworks */ = {
			isa = PBXFrameworksBuildPhase;
			buildActionMask = 2147483647;
			files = (
			);
			runOnlyForDeploymentPostprocessing = 0;
		};
		010A59992DB7F20F0035D275 /* Frameworks */ = {
			isa = PBXFrameworksBuildPhase;
			buildActionMask = 2147483647;
			files = (
			);
			runOnlyForDeploymentPostprocessing = 0;
		};
		010A59A32DB7F20F0035D275 /* Frameworks */ = {
			isa = PBXFrameworksBuildPhase;
			buildActionMask = 2147483647;
			files = (
			);
			runOnlyForDeploymentPostprocessing = 0;
		};
/* End PBXFrameworksBuildPhase section */

/* Begin PBXGroup section */
		010A59852DB7F20E0035D275 = {
			isa = PBXGroup;
			children = (
				010A59902DB7F20E0035D275 /* shapre */,
				010A599F2DB7F20F0035D275 /* shapreTests */,
				010A59A92DB7F20F0035D275 /* shapreUITests */,
				010A598F2DB7F20E0035D275 /* Products */,
			);
			sourceTree = "<group>";
		};
		010A598F2DB7F20E0035D275 /* Products */ = {
			isa = PBXGroup;
			children = (
				010A598E2DB7F20E0035D275 /* shapre.app */,
				010A599C2DB7F20F0035D275 /* shapreTests.xctest */,
				010A59A62DB7F20F0035D275 /* shapreUITests.xctest */,
			);
			name = Products;
			sourceTree = "<group>";
		};
/* End PBXGroup section */

/* Begin PBXNativeTarget section */
		010A598D2DB7F20E0035D275 /* shapre */ = {
			isa = PBXNativeTarget;
			buildConfigurationList = 010A59B02DB7F20F0035D275 /* Build configuration list for PBXNativeTarget "shapre" */;
			buildPhases = (
				010A598A2DB7F20E0035D275 /* Sources */,
				010A598B2DB7F20E0035D275 /* Frameworks */,
				010A598C2DB7F20E0035D275 /* Resources */,
			);
			buildRules = (
			);
			dependencies = (
			);
			fileSystemSynchronizedGroups = (
				010A59902DB7F20E0035D275 /* shapre */,
			);
			name = shapre;
			packageProductDependencies = (
			);
			productName = shapre;
			productReference = 010A598E2DB7F20E0035D275 /* shapre.app */;
			productType = "com.apple.product-type.application";
		};
		010A599B2DB7F20F0035D275 /* shapreTests */ = {
			isa = PBXNativeTarget;
			buildConfigurationList = 010A59B32DB7F20F0035D275 /* Build configuration list for PBXNativeTarget "shapreTests" */;
			buildPhases = (
				010A59982DB7F20F0035D275 /* Sources */,
				010A59992DB7F20F0035D275 /* Frameworks */,
				010A599A2DB7F20F0035D275 /* Resources */,
			);
			buildRules = (
			);
			dependencies = (
				010A599E2DB7F20F0035D275 /* PBXTargetDependency */,
			);
			fileSystemSynchronizedGroups = (
				010A599F2DB7F20F0035D275 /* shapreTests */,
			);
			name = shapreTests;
			packageProductDependencies = (
			);
			productName = shapreTests;
			productReference = 010A599C2DB7F20F0035D275 /* shapreTests.xctest */;
			productType = "com.apple.product-type.bundle.unit-test";
		};
		010A59A52DB7F20F0035D275 /* shapreUITests */ = {
			isa = PBXNativeTarget;
			buildConfigurationList = 010A59B62DB7F20F0035D275 /* Build configuration list for PBXNativeTarget "shapreUITests" */;
			buildPhases = (
				010A59A22DB7F20F0035D275 /* Sources */,
				010A59A32DB7F20F0035D275 /* Frameworks */,
				010A59A42DB7F20F0035D275 /* Resources */,
			);
			buildRules = (
			);
			dependencies = (
				010A59A82DB7F20F0035D275 /* PBXTargetDependency */,
			);
			fileSystemSynchronizedGroups = (
				010A59A92DB7F20F0035D275 /* shapreUITests */,
			);
			name = shapreUITests;
			packageProductDependencies = (
			);
			productName = shapreUITests;
			productReference = 010A59A62DB7F20F0035D275 /* shapreUITests.xctest */;
			productType = "com.apple.product-type.bundle.ui-testing";
		};
/* End PBXNativeTarget section */

/* Begin PBXProject section */
		010A59862DB7F20E0035D275 /* Project object */ = {
			isa = PBXProject;
			attributes = {
				BuildIndependentTargetsInParallel = 1;
				LastSwiftUpdateCheck = 1630;
				LastUpgradeCheck = 1630;
				TargetAttributes = {
					010A598D2DB7F20E0035D275 = {
						CreatedOnToolsVersion = 16.3;
					};
					010A599B2DB7F20F0035D275 = {
						CreatedOnToolsVersion = 16.3;
						TestTargetID = 010A598D2DB7F20E0035D275;
					};
					010A59A52DB7F20F0035D275 = {
						CreatedOnToolsVersion = 16.3;
						TestTargetID = 010A598D2DB7F20E0035D275;
					};
				};
			};
			buildConfigurationList = 010A59892DB7F20E0035D275 /* Build configuration list for PBXProject "shapre" */;
			developmentRegion = en;
			hasScannedForEncodings = 0;
			knownRegions = (
				en,
				Base,
			);
			mainGroup = 010A59852DB7F20E0035D275;
			minimizedProjectReferenceProxies = 1;
			preferredProjectObjectVersion = 77;
			productRefGroup = 010A598F2DB7F20E0035D275 /* Products */;
			projectDirPath = "";
			projectRoot = "";
			targets = (
				010A598D2DB7F20E0035D275 /* shapre */,
				010A599B2DB7F20F0035D275 /* shapreTests */,
				010A59A52DB7F20F0035D275 /* shapreUITests */,
			);
		};
/* End PBXProject section */

/* Begin PBXResourcesBuildPhase section */
		010A598C2DB7F20E0035D275 /* Resources */ = {
			isa = PBXResourcesBuildPhase;
			buildActionMask = 2147483647;
			files = (
			);
			runOnlyForDeploymentPostprocessing = 0;
		};
		010A599A2DB7F20F0035D275 /* Resources */ = {
			isa = PBXResourcesBuildPhase;
			buildActionMask = 2147483647;
			files = (
			);
			runOnlyForDeploymentPostprocessing = 0;
		};
		010A59A42DB7F20F0035D275 /* Resources */ = {
			isa = PBXResourcesBuildPhase;
			buildActionMask = 2147483647;
			files = (
			);
			runOnlyForDeploymentPostprocessing = 0;
		};
/* End PBXResourcesBuildPhase section */

/* Begin PBXSourcesBuildPhase section */
		010A598A2DB7F20E0035D275 /* Sources */ = {
			isa = PBXSourcesBuildPhase;
			buildActionMask = 2147483647;
			files = (
			);
			runOnlyForDeploymentPostprocessing = 0;
		};
		010A59982DB7F20F0035D275 /* Sources */ = {
			isa = PBXSourcesBuildPhase;
			buildActionMask = 2147483647;
			files = (
			);
			runOnlyForDeploymentPostprocessing = 0;
		};
		010A59A22DB7F20F0035D275 /* Sources */ = {
			isa = PBXSourcesBuildPhase;
			buildActionMask = 2147483647;
			files = (
			);
			runOnlyForDeploymentPostprocessing = 0;
		};
/* End PBXSourcesBuildPhase section */

/* Begin PBXTargetDependency section */
		010A599E2DB7F20F0035D275 /* PBXTargetDependency */ = {
			isa = PBXTargetDependency;
			target = 010A598D2DB7F20E0035D275 /* shapre */;
			targetProxy = 010A599D2DB7F20F0035D275 /* PBXContainerItemProxy */;
		};
		010A59A82DB7F20F0035D275 /* PBXTargetDependency */ = {
			isa = PBXTargetDependency;
			target = 010A598D2DB7F20E0035D275 /* shapre */;
			targetProxy = 010A59A72DB7F20F0035D275 /* PBXContainerItemProxy */;
		};
/* End PBXTargetDependency section */

/* Begin XCBuildConfiguration section */
		010A59AE2DB7F20F0035D275 /* Debug */ = {
			isa = XCBuildConfiguration;
			buildSettings = {
				ALWAYS_SEARCH_USER_PATHS = NO;
				ASSETCATALOG_COMPILER_GENERATE_SWIFT_ASSET_SYMBOL_EXTENSIONS = YES;
				CLANG_ANALYZER_NONNULL = YES;
				CLANG_ANALYZER_NUMBER_OBJECT_CONVERSION = YES_AGGRESSIVE;
				CLANG_CXX_LANGUAGE_STANDARD = "gnu++20";
				CLANG_ENABLE_MODULES = YES;
				CLANG_ENABLE_OBJC_ARC = YES;
				CLANG_ENABLE_OBJC_WEAK = YES;
				CLANG_WARN_BLOCK_CAPTURE_AUTORELEASING = YES;
				CLANG_WARN_BOOL_CONVERSION = YES;
				CLANG_WARN_COMMA = YES;
				CLANG_WARN_CONSTANT_CONVERSION = YES;
				CLANG_WARN_DEPRECATED_OBJC_IMPLEMENTATIONS = YES;
				CLANG_WARN_DIRECT_OBJC_ISA_USAGE = YES_ERROR;
				CLANG_WARN_DOCUMENTATION_COMMENTS = YES;
				CLANG_WARN_EMPTY_BODY = YES;
				CLANG_WARN_ENUM_CONVERSION = YES;
				CLANG_WARN_INFINITE_RECURSION = YES;
				CLANG_WARN_INT_CONVERSION = YES;
				CLANG_WARN_NON_LITERAL_NULL_CONVERSION = YES;
				CLANG_WARN_OBJC_IMPLICIT_RETAIN_SELF = YES;
				CLANG_WARN_OBJC_LITERAL_CONVERSION = YES;
				CLANG_WARN_OBJC_ROOT_CLASS = YES_ERROR;
				CLANG_WARN_QUOTED_INCLUDE_IN_FRAMEWORK_HEADER = YES;
				CLANG_WARN_RANGE_LOOP_ANALYSIS = YES;
				CLANG_WARN_STRICT_PROTOTYPES = YES;
				CLANG_WARN_SUSPICIOUS_MOVE = YES;
				CLANG_WARN_UNGUARDED_AVAILABILITY = YES_AGGRESSIVE;
				CLANG_WARN_UNREACHABLE_CODE = YES;
				CLANG_WARN__DUPLICATE_METHOD_MATCH = YES;
				COPY_PHASE_STRIP = NO;
				DEBUG_INFORMATION_FORMAT = dwarf;
				DEVELOPMENT_TEAM = 9K3FWV6YD6;
				ENABLE_STRICT_OBJC_MSGSEND = YES;
				ENABLE_TESTABILITY = YES;
				ENABLE_USER_SCRIPT_SANDBOXING = YES;
				GCC_C_LANGUAGE_STANDARD = gnu17;
				GCC_DYNAMIC_NO_PIC = NO;
				GCC_NO_COMMON_BLOCKS = YES;
				GCC_OPTIMIZATION_LEVEL = 0;
				GCC_PREPROCESSOR_DEFINITIONS = (
					"DEBUG=1",
					"$(inherited)",
				);
				GCC_WARN_64_TO_32_BIT_CONVERSION = YES;
				GCC_WARN_ABOUT_RETURN_TYPE = YES_ERROR;
				GCC_WARN_UNDECLARED_SELECTOR = YES;
				GCC_WARN_UNINITIALIZED_AUTOS = YES_AGGRESSIVE;
				GCC_WARN_UNUSED_FUNCTION = YES;
				GCC_WARN_UNUSED_VARIABLE = YES;
				LOCALIZATION_PREFERS_STRING_CATALOGS = YES;
				MACOSX_DEPLOYMENT_TARGET = 15.4;
				MTL_ENABLE_DEBUG_INFO = INCLUDE_SOURCE;
				MTL_FAST_MATH = YES;
				ONLY_ACTIVE_ARCH = YES;
				SDKROOT = macosx;
				SWIFT_ACTIVE_COMPILATION_CONDITIONS = "DEBUG $(inherited)";
				SWIFT_OPTIMIZATION_LEVEL = "-Onone";
			};
			name = Debug;
		};
		010A59AF2DB7F20F0035D275 /* Release */ = {
			isa = XCBuildConfiguration;
			buildSettings = {
				ALWAYS_SEARCH_USER_PATHS = NO;
				ASSETCATALOG_COMPILER_GENERATE_SWIFT_ASSET_SYMBOL_EXTENSIONS = YES;
				CLANG_ANALYZER_NONNULL = YES;
				CLANG_ANALYZER_NUMBER_OBJECT_CONVERSION = YES_AGGRESSIVE;
				CLANG_CXX_LANGUAGE_STANDARD = "gnu++20";
				CLANG_ENABLE_MODULES = YES;
				CLANG_ENABLE_OBJC_ARC = YES;
				CLANG_ENABLE_OBJC_WEAK = YES;
				CLANG_WARN_BLOCK_CAPTURE_AUTORELEASING = YES;
				CLANG_WARN_BOOL_CONVERSION = YES;
				CLANG_WARN_COMMA = YES;
				CLANG_WARN_CONSTANT_CONVERSION = YES;
				CLANG_WARN_DEPRECATED_OBJC_IMPLEMENTATIONS = YES;
				CLANG_WARN_DIRECT_OBJC_ISA_USAGE = YES_ERROR;
				CLANG_WARN_DOCUMENTATION_COMMENTS = YES;
				CLANG_WARN_EMPTY_BODY = YES;
				CLANG_WARN_ENUM_CONVERSION = YES;
				CLANG_WARN_INFINITE_RECURSION = YES;
				CLANG_WARN_INT_CONVERSION = YES;
				CLANG_WARN_NON_LITERAL_NULL_CONVERSION = YES;
				CLANG_WARN_OBJC_IMPLICIT_RETAIN_SELF = YES;
				CLANG_WARN_OBJC_LITERAL_CONVERSION = YES;
				CLANG_WARN_OBJC_ROOT_CLASS = YES_ERROR;
				CLANG_WARN_QUOTED_INCLUDE_IN_FRAMEWORK_HEADER = YES;
				CLANG_WARN_RANGE_LOOP_ANALYSIS = YES;
				CLANG_WARN_STRICT_PROTOTYPES = YES;
				CLANG_WARN_SUSPICIOUS_MOVE = YES;
				CLANG_WARN_UNGUARDED_AVAILABILITY = YES_AGGRESSIVE;
				CLANG_WARN_UNREACHABLE_CODE = YES;
				CLANG_WARN__DUPLICATE_METHOD_MATCH = YES;
				COPY_PHASE_STRIP = NO;
				DEBUG_INFORMATION_FORMAT = "dwarf-with-dsym";
				DEVELOPMENT_TEAM = 9K3FWV6YD6;
				ENABLE_NS_ASSERTIONS = NO;
				ENABLE_STRICT_OBJC_MSGSEND = YES;
				ENABLE_USER_SCRIPT_SANDBOXING = YES;
				GCC_C_LANGUAGE_STANDARD = gnu17;
				GCC_NO_COMMON_BLOCKS = YES;
				GCC_WARN_64_TO_32_BIT_CONVERSION = YES;
				GCC_WARN_ABOUT_RETURN_TYPE = YES_ERROR;
				GCC_WARN_UNDECLARED_SELECTOR = YES;
				GCC_WARN_UNINITIALIZED_AUTOS = YES_AGGRESSIVE;
				GCC_WARN_UNUSED_FUNCTION = YES;
				GCC_WARN_UNUSED_VARIABLE = YES;
				LOCALIZATION_PREFERS_STRING_CATALOGS = YES;
				MACOSX_DEPLOYMENT_TARGET = 15.4;
				MTL_ENABLE_DEBUG_INFO = NO;
				MTL_FAST_MATH = YES;
				SDKROOT = macosx;
				SWIFT_COMPILATION_MODE = wholemodule;
			};
			name = Release;
		};
		010A59B12DB7F20F0035D275 /* Debug */ = {
			isa = XCBuildConfiguration;
			buildSettings = {
				ASSETCATALOG_COMPILER_APPICON_NAME = AppIcon;
				ASSETCATALOG_COMPILER_GLOBAL_ACCENT_COLOR_NAME = AccentColor;
				CODE_SIGN_ENTITLEMENTS = shapre/shapre.entitlements;
				CODE_SIGN_STYLE = Automatic;
				COMBINE_HIDPI_IMAGES = YES;
				CURRENT_PROJECT_VERSION = 1;
				DEVELOPMENT_TEAM = 9K3FWV6YD6;
				ENABLE_HARDENED_RUNTIME = YES;
				ENABLE_PREVIEWS = YES;
				GENERATE_INFOPLIST_FILE = YES;
				INFOPLIST_KEY_NSHumanReadableCopyright = "";
				LD_RUNPATH_SEARCH_PATHS = (
					"$(inherited)",
					"@executable_path/../Frameworks",
				);
				MARKETING_VERSION = 1.0;
				PRODUCT_BUNDLE_IDENTIFIER = pn.pum.shapre;
				PRODUCT_NAME = "$(TARGET_NAME)";
				REGISTER_APP_GROUPS = YES;
				SWIFT_EMIT_LOC_STRINGS = YES;
				SWIFT_VERSION = 5.0;
			};
			name = Debug;
		};
		010A59B22DB7F20F0035D275 /* Release */ = {
			isa = XCBuildConfiguration;
			buildSettings = {
				ASSETCATALOG_COMPILER_APPICON_NAME = AppIcon;
				ASSETCATALOG_COMPILER_GLOBAL_ACCENT_COLOR_NAME = AccentColor;
				CODE_SIGN_ENTITLEMENTS = shapre/shapre.entitlements;
				CODE_SIGN_STYLE = Automatic;
				COMBINE_HIDPI_IMAGES = YES;
				CURRENT_PROJECT_VERSION = 1;
				DEVELOPMENT_TEAM = 9K3FWV6YD6;
				ENABLE_HARDENED_RUNTIME = YES;
				ENABLE_PREVIEWS = YES;
				GENERATE_INFOPLIST_FILE = YES;
				INFOPLIST_KEY_NSHumanReadableCopyright = "";
				LD_RUNPATH_SEARCH_PATHS = (
					"$(inherited)",
					"@executable_path/../Frameworks",
				);
				MARKETING_VERSION = 1.0;
				PRODUCT_BUNDLE_IDENTIFIER = pn.pum.shapre;
				PRODUCT_NAME = "$(TARGET_NAME)";
				REGISTER_APP_GROUPS = YES;
				SWIFT_EMIT_LOC_STRINGS = YES;
				SWIFT_VERSION = 5.0;
			};
			name = Release;
		};
		010A59B42DB7F20F0035D275 /* Debug */ = {
			isa = XCBuildConfiguration;
			buildSettings = {
				BUNDLE_LOADER = "$(TEST_HOST)";
				CODE_SIGN_STYLE = Automatic;
				CURRENT_PROJECT_VERSION = 1;
				DEVELOPMENT_TEAM = 9K3FWV6YD6;
				GENERATE_INFOPLIST_FILE = YES;
				MACOSX_DEPLOYMENT_TARGET = 15.4;
				MARKETING_VERSION = 1.0;
				PRODUCT_BUNDLE_IDENTIFIER = pn.pum.shapreTests;
				PRODUCT_NAME = "$(TARGET_NAME)";
				SWIFT_EMIT_LOC_STRINGS = NO;
				SWIFT_VERSION = 5.0;
				TEST_HOST = "$(BUILT_PRODUCTS_DIR)/shapre.app/$(BUNDLE_EXECUTABLE_FOLDER_PATH)/shapre";
			};
			name = Debug;
		};
		010A59B52DB7F20F0035D275 /* Release */ = {
			isa = XCBuildConfiguration;
			buildSettings = {
				BUNDLE_LOADER = "$(TEST_HOST)";
				CODE_SIGN_STYLE = Automatic;
				CURRENT_PROJECT_VERSION = 1;
				DEVELOPMENT_TEAM = 9K3FWV6YD6;
				GENERATE_INFOPLIST_FILE = YES;
				MACOSX_DEPLOYMENT_TARGET = 15.4;
				MARKETING_VERSION = 1.0;
				PRODUCT_BUNDLE_IDENTIFIER = pn.pum.shapreTests;
				PRODUCT_NAME = "$(TARGET_NAME)";
				SWIFT_EMIT_LOC_STRINGS = NO;
				SWIFT_VERSION = 5.0;
				TEST_HOST = "$(BUILT_PRODUCTS_DIR)/shapre.app/$(BUNDLE_EXECUTABLE_FOLDER_PATH)/shapre";
			};
			name = Release;
		};
		010A59B72DB7F20F0035D275 /* Debug */ = {
			isa = XCBuildConfiguration;
			buildSettings = {
				CODE_SIGN_STYLE = Automatic;
				CURRENT_PROJECT_VERSION = 1;
				DEVELOPMENT_TEAM = 9K3FWV6YD6;
				GENERATE_INFOPLIST_FILE = YES;
				MARKETING_VERSION = 1.0;
				PRODUCT_BUNDLE_IDENTIFIER = pn.pum.shapreUITests;
				PRODUCT_NAME = "$(TARGET_NAME)";
				SWIFT_EMIT_LOC_STRINGS = NO;
				SWIFT_VERSION = 5.0;
				TEST_TARGET_NAME = shapre;
			};
			name = Debug;
		};
		010A59B82DB7F20F0035D275 /* Release */ = {
			isa = XCBuildConfiguration;
			buildSettings = {
				CODE_SIGN_STYLE = Automatic;
				CURRENT_PROJECT_VERSION = 1;
				DEVELOPMENT_TEAM = 9K3FWV6YD6;
				GENERATE_INFOPLIST_FILE = YES;
				MARKETING_VERSION = 1.0;
				PRODUCT_BUNDLE_IDENTIFIER = pn.pum.shapreUITests;
				PRODUCT_NAME = "$(TARGET_NAME)";
				SWIFT_EMIT_LOC_STRINGS = NO;
				SWIFT_VERSION = 5.0;
				TEST_TARGET_NAME = shapre;
			};
			name = Release;
		};
/* End XCBuildConfiguration section */

/* Begin XCConfigurationList section */
		010A59892DB7F20E0035D275 /* Build configuration list for PBXProject "shapre" */ = {
			isa = XCConfigurationList;
			buildConfigurations = (
				010A59AE2DB7F20F0035D275 /* Debug */,
				010A59AF2DB7F20F0035D275 /* Release */,
			);
			defaultConfigurationIsVisible = 0;
			defaultConfigurationName = Release;
		};
		010A59B02DB7F20F0035D275 /* Build configuration list for PBXNativeTarget "shapre" */ = {
			isa = XCConfigurationList;
			buildConfigurations = (
				010A59B12DB7F20F0035D275 /* Debug */,
				010A59B22DB7F20F0035D275 /* Release */,
			);
			defaultConfigurationIsVisible = 0;
			defaultConfigurationName = Release;
		};
		010A59B32DB7F20F0035D275 /* Build configuration list for PBXNativeTarget "shapreTests" */ = {
			isa = XCConfigurationList;
			buildConfigurations = (
				010A59B42DB7F20F0035D275 /* Debug */,
				010A59B52DB7F20F0035D275 /* Release */,
			);
			defaultConfigurationIsVisible = 0;
			defaultConfigurationName = Release;
		};
		010A59B62DB7F20F0035D275 /* Build configuration list for PBXNativeTarget "shapreUITests" */ = {
			isa = XCConfigurationList;
			buildConfigurations = (
				010A59B72DB7F20F0035D275 /* Debug */,
				010A59B82DB7F20F0035D275 /* Release */,
			);
			defaultConfigurationIsVisible = 0;
			defaultConfigurationName = Release;
		};
/* End XCConfigurationList section */
	};
	rootObject = 010A59862DB7F20E0035D275 /* Project object */;
}
